
Microsoft Visual Studio Solution File, Format Version 12.00
# Visual Studio Version 16
VisualStudioVersion = 16.0.31321.278
MinimumVisualStudioVersion = 10.0.40219.1
Project("{FAE04EC0-301F-11D3-BF4B-00C04F79EFBC}") = "MovieList", "MovieList\MovieList.csproj", "{E85CE551-7408-43E5-A228-4C6819E7093E}"
EndProject
Global
	GlobalSection(SolutionConfigurationPlatforms) = preSolution
		Debug|Any CPU = Debug|Any CPU
		Release|Any CPU = Release|Any CPU
	EndGlobalSection
	GlobalSection(ProjectConfigurationPlatforms) = postSolution
		{E85CE551-7408-43E5-A228-4C6819E7093E}.Debug|Any CPU.ActiveCfg = Debug|Any CPU
		{E85CE551-7408-43E5-A228-4C6819E7093E}.Debug|Any CPU.Build.0 = Debug|Any CPU
		{E85CE551-7408-43E5-A228-4C6819E7093E}.Release|Any CPU.ActiveCfg = Release|Any CPU
		{E85CE551-7408-43E5-A228-4C6819E7093E}.Release|Any CPU.Build.0 = Release|Any CPU
	EndGlobalSection
	GlobalSection(SolutionProperties) = preSolution
		HideSolutionNode = FALSE
	EndGlobalSection
	GlobalSection(ExtensibilityGlobals) = postSolution
		SolutionGuid = {CE195017-64DD-40E8-9B2D-C0B05B526125}
	EndGlobalSection
EndGlobal
